// !$*UTF8*$!
{
	archiveVersion = 1;
	classes = {
	};
	objectVersion = 48;
	objects = {

/* Begin PBXBuildFile section */
		C79CDFAE2062BB2E00C73AF9 /* AppDelegate.swift in Sources */ = {isa = PBXBuildFile; fileRef = C79CDFAD2062BB2E00C73AF9 /* AppDelegate.swift */; };
		C79CDFB02062BB2E00C73AF9 /* ViewController.swift in Sources */ = {isa = PBXBuildFile; fileRef = C79CDFAF2062BB2E00C73AF9 /* ViewController.swift */; };
		C79CDFB32062BB2E00C73AF9 /* DockerManager.xcdatamodeld in Sources */ = {isa = PBXBuildFile; fileRef = C79CDFB12062BB2E00C73AF9 /* DockerManager.xcdatamodeld */; };
		C79CDFB52062BB2E00C73AF9 /* Assets.xcassets in Resources */ = {isa = PBXBuildFile; fileRef = C79CDFB42062BB2E00C73AF9 /* Assets.xcassets */; };
		C79CDFB82062BB2E00C73AF9 /* Main.storyboard in Resources */ = {isa = PBXBuildFile; fileRef = C79CDFB62062BB2E00C73AF9 /* Main.storyboard */; };
/* End PBXBuildFile section */

/* Begin PBXFileReference section */
		C79CDFAA2062BB2E00C73AF9 /* DockerManager.app */ = {isa = PBXFileReference; explicitFileType = wrapper.application; includeInIndex = 0; path = DockerManager.app; sourceTree = BUILT_PRODUCTS_DIR; };
		C79CDFAD2062BB2E00C73AF9 /* AppDelegate.swift */ = {isa = PBXFileReference; lastKnownFileType = sourcecode.swift; path = AppDelegate.swift; sourceTree = "<group>"; };
		C79CDFAF2062BB2E00C73AF9 /* ViewController.swift */ = {isa = PBXFileReference; lastKnownFileType = sourcecode.swift; path = ViewController.swift; sourceTree = "<group>"; };
		C79CDFB22062BB2E00C73AF9 /* DockerManager.xcdatamodel */ = {isa = PBXFileReference; lastKnownFileType = wrapper.xcdatamodel; path = DockerManager.xcdatamodel; sourceTree = "<group>"; };
		C79CDFB42062BB2E00C73AF9 /* Assets.xcassets */ = {isa = PBXFileReference; lastKnownFileType = folder.assetcatalog; path = Assets.xcassets; sourceTree = "<group>"; };
		C79CDFB72062BB2E00C73AF9 /* Base */ = {isa = PBXFileReference; lastKnownFileType = file.storyboard; name = Base; path = Base.lproj/Main.storyboard; sourceTree = "<group>"; };
		C79CDFB92062BB2E00C73AF9 /* Info.plist */ = {isa = PBXFileReference; lastKnownFileType = text.plist.xml; path = Info.plist; sourceTree = "<group>"; };
		C79CDFBA2062BB2E00C73AF9 /* DockerManager.entitlements */ = {isa = PBXFileReference; lastKnownFileType = text.plist.entitlements; path = DockerManager.entitlements; sourceTree = "<group>"; };
/* End PBXFileReference section */

/* Begin PBXFrameworksBuildPhase section */
		C79CDFA72062BB2E00C73AF9 /* Frameworks */ = {
			isa = PBXFrameworksBuildPhase;
			buildActionMask = 2147483647;
			files = (
			);
			runOnlyForDeploymentPostprocessing = 0;
		};
/* End PBXFrameworksBuildPhase section */

/* Begin PBXGroup section */
		C79CDFA12062BB2E00C73AF9 = {
			isa = PBXGroup;
			children = (
				C79CDFAC2062BB2E00C73AF9 /* DockerManager */,
				C79CDFAB2062BB2E00C73AF9 /* Products */,
			);
			sourceTree = "<group>";
		};
		C79CDFAB2062BB2E00C73AF9 /* Products */ = {
			isa = PBXGroup;
			children = (
				C79CDFAA2062BB2E00C73AF9 /* DockerManager.app */,
			);
			name = Products;
			sourceTree = "<group>";
		};
		C79CDFAC2062BB2E00C73AF9 /* DockerManager */ = {
			isa = PBXGroup;
			children = (
				C79CDFAD2062BB2E00C73AF9 /* AppDelegate.swift */,
				C79CDFAF2062BB2E00C73AF9 /* ViewController.swift */,
				C79CDFB42062BB2E00C73AF9 /* Assets.xcassets */,
				C79CDFB62062BB2E00C73AF9 /* Main.storyboard */,
				C79CDFB92062BB2E00C73AF9 /* Info.plist */,
				C79CDFBA2062BB2E00C73AF9 /* DockerManager.entitlements */,
				C79CDFB12062BB2E00C73AF9 /* DockerManager.xcdatamodeld */,
			);
			path = DockerManager;
			sourceTree = "<group>";
		};
/* End PBXGroup section */

/* Begin PBXNativeTarget section */
		C79CDFA92062BB2E00C73AF9 /* DockerManager */ = {
			isa = PBXNativeTarget;
			buildConfigurationList = C79CDFBD2062BB2E00C73AF9 /* Build configuration list for PBXNativeTarget "DockerManager" */;
			buildPhases = (
				C79CDFA62062BB2E00C73AF9 /* Sources */,
				C79CDFA72062BB2E00C73AF9 /* Frameworks */,
				C79CDFA82062BB2E00C73AF9 /* Resources */,
			);
			buildRules = (
			);
			dependencies = (
			);
			name = DockerManager;
			productName = DockerManager;
			productReference = C79CDFAA2062BB2E00C73AF9 /* DockerManager.app */;
			productType = "com.apple.product-type.application";
		};
/* End PBXNativeTarget section */

/* Begin PBXProject section */
		C79CDFA22062BB2E00C73AF9 /* Project object */ = {
			isa = PBXProject;
			attributes = {
				LastSwiftUpdateCheck = 0920;
				LastUpgradeCheck = 0920;
				ORGANIZATIONNAME = "Parthipan Nagulanandan";
				TargetAttributes = {
					C79CDFA92062BB2E00C73AF9 = {
						CreatedOnToolsVersion = 9.2;
						ProvisioningStyle = Automatic;
					};
				};
			};
			buildConfigurationList = C79CDFA52062BB2E00C73AF9 /* Build configuration list for PBXProject "DockerManager" */;
			compatibilityVersion = "Xcode 8.0";
			developmentRegion = en;
			hasScannedForEncodings = 0;
			knownRegions = (
				en,
				Base,
			);
			mainGroup = C79CDFA12062BB2E00C73AF9;
			productRefGroup = C79CDFAB2062BB2E00C73AF9 /* Products */;
			projectDirPath = "";
			projectRoot = "";
			targets = (
				C79CDFA92062BB2E00C73AF9 /* DockerManager */,
			);
		};
/* End PBXProject section */

/* Begin PBXResourcesBuildPhase section */
		C79CDFA82062BB2E00C73AF9 /* Resources */ = {
			isa = PBXResourcesBuildPhase;
			buildActionMask = 2147483647;
			files = (
				C79CDFB52062BB2E00C73AF9 /* Assets.xcassets in Resources */,
				C79CDFB82062BB2E00C73AF9 /* Main.storyboard in Resources */,
			);
			runOnlyForDeploymentPostprocessing = 0;
		};
/* End PBXResourcesBuildPhase section */

/* Begin PBXSourcesBuildPhase section */
		C79CDFA62062BB2E00C73AF9 /* Sources */ = {
			isa = PBXSourcesBuildPhase;
			buildActionMask = 2147483647;
			files = (
				C79CDFB02062BB2E00C73AF9 /* ViewController.swift in Sources */,
				C79CDFB32062BB2E00C73AF9 /* DockerManager.xcdatamodeld in Sources */,
				C79CDFAE2062BB2E00C73AF9 /* AppDelegate.swift in Sources */,
			);
			runOnlyForDeploymentPostprocessing = 0;
		};
/* End PBXSourcesBuildPhase section */

/* Begin PBXVariantGroup section */
		C79CDFB62062BB2E00C73AF9 /* Main.storyboard */ = {
			isa = PBXVariantGroup;
			children = (
				C79CDFB72062BB2E00C73AF9 /* Base */,
			);
			name = Main.storyboard;
			sourceTree = "<group>";
		};
/* End PBXVariantGroup section */

/* Begin XCBuildConfiguration section */
		C79CDFBB2062BB2E00C73AF9 /* Debug */ = {
			isa = XCBuildConfiguration;
			buildSettings = {
				ALWAYS_SEARCH_USER_PATHS = NO;
				CLANG_ANALYZER_NONNULL = YES;
				CLANG_ANALYZER_NUMBER_OBJECT_CONVERSION = YES_AGGRESSIVE;
				CLANG_CXX_LANGUAGE_STANDARD = "gnu++14";
				CLANG_CXX_LIBRARY = "libc++";
				CLANG_ENABLE_MODULES = YES;
				CLANG_ENABLE_OBJC_ARC = YES;
				CLANG_WARN_BLOCK_CAPTURE_AUTORELEASING = YES;
				CLANG_WARN_BOOL_CONVERSION = YES;
				CLANG_WARN_COMMA = YES;
				CLANG_WARN_CONSTANT_CONVERSION = YES;
				CLANG_WARN_DIRECT_OBJC_ISA_USAGE = YES_ERROR;
				CLANG_WARN_DOCUMENTATION_COMMENTS = YES;
				CLANG_WARN_EMPTY_BODY = YES;
				CLANG_WARN_ENUM_CONVERSION = YES;
				CLANG_WARN_INFINITE_RECURSION = YES;
				CLANG_WARN_INT_CONVERSION = YES;
				CLANG_WARN_NON_LITERAL_NULL_CONVERSION = YES;
				CLANG_WARN_OBJC_LITERAL_CONVERSION = YES;
				CLANG_WARN_OBJC_ROOT_CLASS = YES_ERROR;
				CLANG_WARN_RANGE_LOOP_ANALYSIS = YES;
				CLANG_WARN_STRICT_PROTOTYPES = YES;
				CLANG_WARN_SUSPICIOUS_MOVE = YES;
				CLANG_WARN_UNGUARDED_AVAILABILITY = YES_AGGRESSIVE;
				CLANG_WARN_UNREACHABLE_CODE = YES;
				CLANG_WARN__DUPLICATE_METHOD_MATCH = YES;
				CODE_SIGN_IDENTITY = "Mac Developer";
				COPY_PHASE_STRIP = NO;
				DEBUG_INFORMATION_FORMAT = dwarf;
				ENABLE_STRICT_OBJC_MSGSEND = YES;
				ENABLE_TESTABILITY = YES;
				GCC_C_LANGUAGE_STANDARD = gnu11;
				GCC_DYNAMIC_NO_PIC = NO;
				GCC_NO_COMMON_BLOCKS = YES;
				GCC_OPTIMIZATION_LEVEL = 0;
				GCC_PREPROCESSOR_DEFINITIONS = (
					"DEBUG=1",
					"$(inherited)",
				);
				GCC_WARN_64_TO_32_BIT_CONVERSION = YES;
				GCC_WARN_ABOUT_RETURN_TYPE = YES_ERROR;
				GCC_WARN_UNDECLARED_SELECTOR = YES;
				GCC_WARN_UNINITIALIZED_AUTOS = YES_AGGRESSIVE;
				GCC_WARN_UNUSED_FUNCTION = YES;
				GCC_WARN_UNUSED_VARIABLE = YES;
				MACOSX_DEPLOYMENT_TARGET = 10.12;
				MTL_ENABLE_DEBUG_INFO = YES;
				ONLY_ACTIVE_ARCH = YES;
				SDKROOT = macosx;
				SWIFT_ACTIVE_COMPILATION_CONDITIONS = DEBUG;
				SWIFT_OPTIMIZATION_LEVEL = "-Onone";
			};
			name = Debug;
		};
		C79CDFBC2062BB2E00C73AF9 /* Release */ = {
			isa = XCBuildConfiguration;
			buildSettings = {
				ALWAYS_SEARCH_USER_PATHS = NO;
				CLANG_ANALYZER_NONNULL = YES;
				CLANG_ANALYZER_NUMBER_OBJECT_CONVERSION = YES_AGGRESSIVE;
				CLANG_CXX_LANGUAGE_STANDARD = "gnu++14";
				CLANG_CXX_LIBRARY = "libc++";
				CLANG_ENABLE_MODULES = YES;
				CLANG_ENABLE_OBJC_ARC = YES;
				CLANG_WARN_BLOCK_CAPTURE_AUTORELEASING = YES;
				CLANG_WARN_BOOL_CONVERSION = YES;
				CLANG_WARN_COMMA = YES;
				CLANG_WARN_CONSTANT_CONVERSION = YES;
				CLANG_WARN_DIRECT_OBJC_ISA_USAGE = YES_ERROR;
				CLANG_WARN_DOCUMENTATION_COMMENTS = YES;
				CLANG_WARN_EMPTY_BODY = YES;
				CLANG_WARN_ENUM_CONVERSION = YES;
				CLANG_WARN_INFINITE_RECURSION = YES;
				CLANG_WARN_INT_CONVERSION = YES;
				CLANG_WARN_NON_LITERAL_NULL_CONVERSION = YES;
				CLANG_WARN_OBJC_LITERAL_CONVERSION = YES;
				CLANG_WARN_OBJC_ROOT_CLASS = YES_ERROR;
				CLANG_WARN_RANGE_LOOP_ANALYSIS = YES;
				CLANG_WARN_STRICT_PROTOTYPES = YES;
				CLANG_WARN_SUSPICIOUS_MOVE = YES;
				CLANG_WARN_UNGUARDED_AVAILABILITY = YES_AGGRESSIVE;
				CLANG_WARN_UNREACHABLE_CODE = YES;
				CLANG_WARN__DUPLICATE_METHOD_MATCH = YES;
				CODE_SIGN_IDENTITY = "Mac Developer";
				COPY_PHASE_STRIP = NO;
				DEBUG_INFORMATION_FORMAT = "dwarf-with-dsym";
				ENABLE_NS_ASSERTIONS = NO;
				ENABLE_STRICT_OBJC_MSGSEND = YES;
				GCC_C_LANGUAGE_STANDARD = gnu11;
				GCC_NO_COMMON_BLOCKS = YES;
				GCC_WARN_64_TO_32_BIT_CONVERSION = YES;
				GCC_WARN_ABOUT_RETURN_TYPE = YES_ERROR;
				GCC_WARN_UNDECLARED_SELECTOR = YES;
				GCC_WARN_UNINITIALIZED_AUTOS = YES_AGGRESSIVE;
				GCC_WARN_UNUSED_FUNCTION = YES;
				GCC_WARN_UNUSED_VARIABLE = YES;
				MACOSX_DEPLOYMENT_TARGET = 10.12;
				MTL_ENABLE_DEBUG_INFO = NO;
				SDKROOT = macosx;
				SWIFT_OPTIMIZATION_LEVEL = "-Owholemodule";
			};
			name = Release;
		};
		C79CDFBE2062BB2E00C73AF9 /* Debug */ = {
			isa = XCBuildConfiguration;
			buildSettings = {
				ASSETCATALOG_COMPILER_APPICON_NAME = AppIcon;
				CODE_SIGN_ENTITLEMENTS = DockerManager/DockerManager.entitlements;
				CODE_SIGN_STYLE = Automatic;
				COMBINE_HIDPI_IMAGES = YES;
				DEVELOPMENT_TEAM = MFPWH2BMKS;
				INFOPLIST_FILE = DockerManager/Info.plist;
				LD_RUNPATH_SEARCH_PATHS = "$(inherited) @executable_path/../Frameworks";
				PRODUCT_BUNDLE_IDENTIFIER = Parz.DockerManager;
				PRODUCT_NAME = "$(TARGET_NAME)";
				SWIFT_VERSION = 4.0;
			};
			name = Debug;
		};
		C79CDFBF2062BB2E00C73AF9 /* Release */ = {
			isa = XCBuildConfiguration;
			buildSettings = {
				ASSETCATALOG_COMPILER_APPICON_NAME = AppIcon;
				CODE_SIGN_ENTITLEMENTS = DockerManager/DockerManager.entitlements;
				CODE_SIGN_STYLE = Automatic;
				COMBINE_HIDPI_IMAGES = YES;
				DEVELOPMENT_TEAM = MFPWH2BMKS;
				INFOPLIST_FILE = DockerManager/Info.plist;
				LD_RUNPATH_SEARCH_PATHS = "$(inherited) @executable_path/../Frameworks";
				PRODUCT_BUNDLE_IDENTIFIER = Parz.DockerManager;
				PRODUCT_NAME = "$(TARGET_NAME)";
				SWIFT_VERSION = 4.0;
			};
			name = Release;
		};
/* End XCBuildConfiguration section */

/* Begin XCConfigurationList section */
		C79CDFA52062BB2E00C73AF9 /* Build configuration list for PBXProject "DockerManager" */ = {
			isa = XCConfigurationList;
			buildConfigurations = (
				C79CDFBB2062BB2E00C73AF9 /* Debug */,
				C79CDFBC2062BB2E00C73AF9 /* Release */,
			);
			defaultConfigurationIsVisible = 0;
			defaultConfigurationName = Release;
		};
		C79CDFBD2062BB2E00C73AF9 /* Build configuration list for PBXNativeTarget "DockerManager" */ = {
			isa = XCConfigurationList;
			buildConfigurations = (
				C79CDFBE2062BB2E00C73AF9 /* Debug */,
				C79CDFBF2062BB2E00C73AF9 /* Release */,
			);
			defaultConfigurationIsVisible = 0;
			defaultConfigurationName = Release;
		};
/* End XCConfigurationList section */

/* Begin XCVersionGroup section */
		C79CDFB12062BB2E00C73AF9 /* DockerManager.xcdatamodeld */ = {
			isa = XCVersionGroup;
			children = (
				C79CDFB22062BB2E00C73AF9 /* DockerManager.xcdatamodel */,
			);
			currentVersion = C79CDFB22062BB2E00C73AF9 /* DockerManager.xcdatamodel */;
			path = DockerManager.xcdatamodeld;
			sourceTree = "<group>";
			versionGroupType = wrapper.xcdatamodel;
		};
/* End XCVersionGroup section */
	};
	rootObject = C79CDFA22062BB2E00C73AF9 /* Project object */;
}
